
Microsoft Visual Studio Solution File, Format Version 12.00
# Visual Studio Version 17
VisualStudioVersion = 17.8.34309.116
MinimumVisualStudioVersion = 10.0.40219.1
Project("{9A19103F-16F7-4668-BE54-9A1E7A4F7556}") = "CatalogService", "CatalogService\CatalogService.csproj", "{7812011B-2C8C-44E3-94C3-68135754FB89}"
EndProject
Project("{2150E333-8FDC-42A3-9474-1A3956D46DE8}") = "BackebServices", "BackebServices", "{A359D936-5823-41AB-A538-78D25EC1A887}"
EndProject
Project("{9A19103F-16F7-4668-BE54-9A1E7A4F7556}") = "AuthService", "AuthService\AuthService.csproj", "{0B133C6F-64BE-4490-9B3C-7626E6810121}"
EndProject
Project("{2150E333-8FDC-42A3-9474-1A3956D46DE8}") = "ApiGateway", "ApiGateway", "{4660AA70-036C-4A87-B1AE-F5646D9D31CF}"
EndProject
Project("{9A19103F-16F7-4668-BE54-9A1E7A4F7556}") = "ApiGatewayOcelot", "ApiGatewayOcelot\ApiGatewayOcelot.csproj", "{ABD58235-261C-4601-8807-653EEE27A3E0}"
EndProject
Project("{2150E333-8FDC-42A3-9474-1A3956D46DE8}") = "FrontendServices", "FrontendServices", "{01224615-C8C6-405A-9F72-4400AB5BEA87}"
EndProject
Project("{9A19103F-16F7-4668-BE54-9A1E7A4F7556}") = "OrderService", "OrderService\OrderService.csproj", "{A85FC8B1-E517-4560-9F5C-A23CF4E7D68D}"
EndProject
Project("{9A19103F-16F7-4668-BE54-9A1E7A4F7556}") = "PaymentService", "PaymentService\PaymentService.csproj", "{59B113C7-2F5A-447E-99AB-2AE0A61BA08C}"
EndProject
Project("{9A19103F-16F7-4668-BE54-9A1E7A4F7556}") = "SupportApp", "SupportApp\SupportApp.csproj", "{9F8F7338-ECFB-4466-8E21-0F9D3A4FDF51}"
EndProject
Project("{9A19103F-16F7-4668-BE54-9A1E7A4F7556}") = "WebApp", "WebApp\WebApp.csproj", "{1202EA7B-A982-4149-87CA-6560B7AF351A}"
EndProject
Project("{FAE04EC0-301F-11D3-BF4B-00C04F79EFBC}") = "InventoryService", "InventoryService\InventoryService.csproj", "{67E4AB32-32D8-4EAF-9C1A-DA68F6845837}"
EndProject
Global
	GlobalSection(SolutionConfigurationPlatforms) = preSolution
		Debug|Any CPU = Debug|Any CPU
		Release|Any CPU = Release|Any CPU
	EndGlobalSection
	GlobalSection(ProjectConfigurationPlatforms) = postSolution
		{7812011B-2C8C-44E3-94C3-68135754FB89}.Debug|Any CPU.ActiveCfg = Debug|Any CPU
		{7812011B-2C8C-44E3-94C3-68135754FB89}.Debug|Any CPU.Build.0 = Debug|Any CPU
		{7812011B-2C8C-44E3-94C3-68135754FB89}.Release|Any CPU.ActiveCfg = Release|Any CPU
		{7812011B-2C8C-44E3-94C3-68135754FB89}.Release|Any CPU.Build.0 = Release|Any CPU
		{0B133C6F-64BE-4490-9B3C-7626E6810121}.Debug|Any CPU.ActiveCfg = Debug|Any CPU
		{0B133C6F-64BE-4490-9B3C-7626E6810121}.Debug|Any CPU.Build.0 = Debug|Any CPU
		{0B133C6F-64BE-4490-9B3C-7626E6810121}.Release|Any CPU.ActiveCfg = Release|Any CPU
		{0B133C6F-64BE-4490-9B3C-7626E6810121}.Release|Any CPU.Build.0 = Release|Any CPU
		{ABD58235-261C-4601-8807-653EEE27A3E0}.Debug|Any CPU.ActiveCfg = Debug|Any CPU
		{ABD58235-261C-4601-8807-653EEE27A3E0}.Debug|Any CPU.Build.0 = Debug|Any CPU
		{ABD58235-261C-4601-8807-653EEE27A3E0}.Release|Any CPU.ActiveCfg = Release|Any CPU
		{ABD58235-261C-4601-8807-653EEE27A3E0}.Release|Any CPU.Build.0 = Release|Any CPU
		{A85FC8B1-E517-4560-9F5C-A23CF4E7D68D}.Debug|Any CPU.ActiveCfg = Debug|Any CPU
		{A85FC8B1-E517-4560-9F5C-A23CF4E7D68D}.Debug|Any CPU.Build.0 = Debug|Any CPU
		{A85FC8B1-E517-4560-9F5C-A23CF4E7D68D}.Release|Any CPU.ActiveCfg = Release|Any CPU
		{A85FC8B1-E517-4560-9F5C-A23CF4E7D68D}.Release|Any CPU.Build.0 = Release|Any CPU
		{59B113C7-2F5A-447E-99AB-2AE0A61BA08C}.Debug|Any CPU.ActiveCfg = Debug|Any CPU
		{59B113C7-2F5A-447E-99AB-2AE0A61BA08C}.Debug|Any CPU.Build.0 = Debug|Any CPU
		{59B113C7-2F5A-447E-99AB-2AE0A61BA08C}.Release|Any CPU.ActiveCfg = Release|Any CPU
		{59B113C7-2F5A-447E-99AB-2AE0A61BA08C}.Release|Any CPU.Build.0 = Release|Any CPU
		{9F8F7338-ECFB-4466-8E21-0F9D3A4FDF51}.Debug|Any CPU.ActiveCfg = Debug|Any CPU
		{9F8F7338-ECFB-4466-8E21-0F9D3A4FDF51}.Debug|Any CPU.Build.0 = Debug|Any CPU
		{9F8F7338-ECFB-4466-8E21-0F9D3A4FDF51}.Release|Any CPU.ActiveCfg = Release|Any CPU
		{9F8F7338-ECFB-4466-8E21-0F9D3A4FDF51}.Release|Any CPU.Build.0 = Release|Any CPU
		{1202EA7B-A982-4149-87CA-6560B7AF351A}.Debug|Any CPU.ActiveCfg = Debug|Any CPU
		{1202EA7B-A982-4149-87CA-6560B7AF351A}.Debug|Any CPU.Build.0 = Debug|Any CPU
		{1202EA7B-A982-4149-87CA-6560B7AF351A}.Release|Any CPU.ActiveCfg = Release|Any CPU
		{1202EA7B-A982-4149-87CA-6560B7AF351A}.Release|Any CPU.Build.0 = Release|Any CPU
		{67E4AB32-32D8-4EAF-9C1A-DA68F6845837}.Debug|Any CPU.ActiveCfg = Debug|Any CPU
		{67E4AB32-32D8-4EAF-9C1A-DA68F6845837}.Debug|Any CPU.Build.0 = Debug|Any CPU
		{67E4AB32-32D8-4EAF-9C1A-DA68F6845837}.Release|Any CPU.ActiveCfg = Release|Any CPU
		{67E4AB32-32D8-4EAF-9C1A-DA68F6845837}.Release|Any CPU.Build.0 = Release|Any CPU
	EndGlobalSection
	GlobalSection(SolutionProperties) = preSolution
		HideSolutionNode = FALSE
	EndGlobalSection
	GlobalSection(NestedProjects) = preSolution
		{7812011B-2C8C-44E3-94C3-68135754FB89} = {A359D936-5823-41AB-A538-78D25EC1A887}
		{0B133C6F-64BE-4490-9B3C-7626E6810121} = {A359D936-5823-41AB-A538-78D25EC1A887}
		{ABD58235-261C-4601-8807-653EEE27A3E0} = {4660AA70-036C-4A87-B1AE-F5646D9D31CF}
		{A85FC8B1-E517-4560-9F5C-A23CF4E7D68D} = {A359D936-5823-41AB-A538-78D25EC1A887}
		{59B113C7-2F5A-447E-99AB-2AE0A61BA08C} = {A359D936-5823-41AB-A538-78D25EC1A887}
		{9F8F7338-ECFB-4466-8E21-0F9D3A4FDF51} = {01224615-C8C6-405A-9F72-4400AB5BEA87}
		{1202EA7B-A982-4149-87CA-6560B7AF351A} = {01224615-C8C6-405A-9F72-4400AB5BEA87}
		{67E4AB32-32D8-4EAF-9C1A-DA68F6845837} = {A359D936-5823-41AB-A538-78D25EC1A887}
	EndGlobalSection
	GlobalSection(ExtensibilityGlobals) = postSolution
		SolutionGuid = {7A2F73D0-8641-4F43-B815-8505DA232232}
	EndGlobalSection
EndGlobal
